
Microsoft Visual Studio Solution File, Format Version 12.00
# Visual Studio Version 17
VisualStudioVersion = 17.8.34330.188
MinimumVisualStudioVersion = 10.0.40219.1
Project("{FAE04EC0-301F-11D3-BF4B-00C04F79EFBC}") = "Expense-Tracker", "Expense-Tracker\Expense-Tracker.csproj", "{02D906D7-B025-404A-BF43-E3D8C8C4622E}"
EndProject
Global
	GlobalSection(SolutionConfigurationPlatforms) = preSolution
		Debug|Any CPU = Debug|Any CPU
		Release|Any CPU = Release|Any CPU
	EndGlobalSection
	GlobalSection(ProjectConfigurationPlatforms) = postSolution
		{02D906D7-B025-404A-BF43-E3D8C8C4622E}.Debug|Any CPU.ActiveCfg = Debug|Any CPU
		{02D906D7-B025-404A-BF43-E3D8C8C4622E}.Debug|Any CPU.Build.0 = Debug|Any CPU
		{02D906D7-B025-404A-BF43-E3D8C8C4622E}.Release|Any CPU.ActiveCfg = Release|Any CPU
		{02D906D7-B025-404A-BF43-E3D8C8C4622E}.Release|Any CPU.Build.0 = Release|Any CPU
	EndGlobalSection
	GlobalSection(SolutionProperties) = preSolution
		HideSolutionNode = FALSE
	EndGlobalSection
	GlobalSection(ExtensibilityGlobals) = postSolution
		SolutionGuid = {77767A73-A37E-462D-AEDA-EF17A399EE87}
	EndGlobalSection
EndGlobal
